
Microsoft Visual Studio Solution File, Format Version 12.00
Project("{FAE04EC0-301F-11D3-BF4B-00C04F79EFBC}") = "Day1", "Day1\Day1.csproj", "{94BE3589-0853-4B5E-AD2B-60A95065D1E1}"
EndProject
Project("{FAE04EC0-301F-11D3-BF4B-00C04F79EFBC}") = "Day2", "Day2\Day2.csproj", "{FE7E454F-DA0D-4ACA-9123-B7BC23BB4156}"
EndProject
Project("{FAE04EC0-301F-11D3-BF4B-00C04F79EFBC}") = "Day3", "Day3\Day3.csproj", "{EED439D7-EE16-4708-9149-15A6F789A2A5}"
EndProject
Project("{FAE04EC0-301F-11D3-BF4B-00C04F79EFBC}") = "Day4.WebApi", "Day4.WebApi\Day4.WebApi.csproj", "{FC8BBB55-FB50-4756-8FE2-D962838DD76D}"
EndProject
Project("{FAE04EC0-301F-11D3-BF4B-00C04F79EFBC}") = "Day4.Service", "Day4.Service\Day4.Service.csproj", "{AF1832D8-25AF-45FF-BF3D-2B5CFB6C521B}"
EndProject
Project("{FAE04EC0-301F-11D3-BF4B-00C04F79EFBC}") = "Day4.Repository", "Day4.Repository\Day4.Repository.csproj", "{EEC04F6C-B37A-4293-9C44-878C6A4E506C}"
EndProject
Project("{FAE04EC0-301F-11D3-BF4B-00C04F79EFBC}") = "Day4.DAL", "Day4.DAL\Day4.DAL.csproj", "{976F3BF3-4E87-4DDE-968C-F0127F63AB5E}"
EndProject
Project("{FAE04EC0-301F-11D3-BF4B-00C04F79EFBC}") = "Day4.Models", "Day4.Models\Day4.Models.csproj", "{C451093D-AFBC-4247-AD71-0D5D45609013}"
EndProject
Project("{FAE04EC0-301F-11D3-BF4B-00C04F79EFBC}") = "Day4.Models.Common", "Day4.Models.Common\Day4.Models.Common.csproj", "{E28F4025-9029-4183-9D17-BEC56CC66677}"
EndProject
Project("{FAE04EC0-301F-11D3-BF4B-00C04F79EFBC}") = "Day4.Repository.Common", "Day4.Repository.Common\Day4.Repository.Common.csproj", "{674DEBD2-8DBA-49B6-9C92-AAA0F000DE48}"
EndProject
Project("{FAE04EC0-301F-11D3-BF4B-00C04F79EFBC}") = "Day4.DAL.Common", "Day4.DAL.Common\Day4.DAL.Common.csproj", "{1B1635CE-E767-463D-BC55-842ACA026B2A}"
EndProject
Project("{FAE04EC0-301F-11D3-BF4B-00C04F79EFBC}") = "Day4.Service.Common", "Day4.Service.Common\Day4.Service.Common.csproj", "{F76402DF-F5FB-42F4-B855-68585BA6B353}"
EndProject
Global
	GlobalSection(SolutionConfigurationPlatforms) = preSolution
		Debug|Any CPU = Debug|Any CPU
		Release|Any CPU = Release|Any CPU
	EndGlobalSection
	GlobalSection(ProjectConfigurationPlatforms) = postSolution
		{94BE3589-0853-4B5E-AD2B-60A95065D1E1}.Debug|Any CPU.ActiveCfg = Debug|Any CPU
		{94BE3589-0853-4B5E-AD2B-60A95065D1E1}.Debug|Any CPU.Build.0 = Debug|Any CPU
		{94BE3589-0853-4B5E-AD2B-60A95065D1E1}.Release|Any CPU.ActiveCfg = Release|Any CPU
		{94BE3589-0853-4B5E-AD2B-60A95065D1E1}.Release|Any CPU.Build.0 = Release|Any CPU
		{EED439D7-EE16-4708-9149-15A6F789A2A5}.Debug|Any CPU.ActiveCfg = Debug|Any CPU
		{EED439D7-EE16-4708-9149-15A6F789A2A5}.Debug|Any CPU.Build.0 = Debug|Any CPU
		{EED439D7-EE16-4708-9149-15A6F789A2A5}.Release|Any CPU.ActiveCfg = Release|Any CPU
		{EED439D7-EE16-4708-9149-15A6F789A2A5}.Release|Any CPU.Build.0 = Release|Any CPU
		{FE7E454F-DA0D-4ACA-9123-B7BC23BB4156}.Debug|Any CPU.ActiveCfg = Debug|Any CPU
		{FE7E454F-DA0D-4ACA-9123-B7BC23BB4156}.Debug|Any CPU.Build.0 = Debug|Any CPU
		{FC8BBB55-FB50-4756-8FE2-D962838DD76D}.Debug|Any CPU.ActiveCfg = Debug|Any CPU
		{FC8BBB55-FB50-4756-8FE2-D962838DD76D}.Debug|Any CPU.Build.0 = Debug|Any CPU
		{FC8BBB55-FB50-4756-8FE2-D962838DD76D}.Release|Any CPU.ActiveCfg = Release|Any CPU
		{FC8BBB55-FB50-4756-8FE2-D962838DD76D}.Release|Any CPU.Build.0 = Release|Any CPU
		{AF1832D8-25AF-45FF-BF3D-2B5CFB6C521B}.Debug|Any CPU.ActiveCfg = Debug|Any CPU
		{AF1832D8-25AF-45FF-BF3D-2B5CFB6C521B}.Debug|Any CPU.Build.0 = Debug|Any CPU
		{AF1832D8-25AF-45FF-BF3D-2B5CFB6C521B}.Release|Any CPU.ActiveCfg = Release|Any CPU
		{AF1832D8-25AF-45FF-BF3D-2B5CFB6C521B}.Release|Any CPU.Build.0 = Release|Any CPU
		{EEC04F6C-B37A-4293-9C44-878C6A4E506C}.Debug|Any CPU.ActiveCfg = Debug|Any CPU
		{EEC04F6C-B37A-4293-9C44-878C6A4E506C}.Debug|Any CPU.Build.0 = Debug|Any CPU
		{EEC04F6C-B37A-4293-9C44-878C6A4E506C}.Release|Any CPU.ActiveCfg = Release|Any CPU
		{EEC04F6C-B37A-4293-9C44-878C6A4E506C}.Release|Any CPU.Build.0 = Release|Any CPU
		{976F3BF3-4E87-4DDE-968C-F0127F63AB5E}.Debug|Any CPU.ActiveCfg = Debug|Any CPU
		{976F3BF3-4E87-4DDE-968C-F0127F63AB5E}.Debug|Any CPU.Build.0 = Debug|Any CPU
		{976F3BF3-4E87-4DDE-968C-F0127F63AB5E}.Release|Any CPU.ActiveCfg = Release|Any CPU
		{976F3BF3-4E87-4DDE-968C-F0127F63AB5E}.Release|Any CPU.Build.0 = Release|Any CPU
		{C451093D-AFBC-4247-AD71-0D5D45609013}.Debug|Any CPU.ActiveCfg = Debug|Any CPU
		{C451093D-AFBC-4247-AD71-0D5D45609013}.Debug|Any CPU.Build.0 = Debug|Any CPU
		{C451093D-AFBC-4247-AD71-0D5D45609013}.Release|Any CPU.ActiveCfg = Release|Any CPU
		{C451093D-AFBC-4247-AD71-0D5D45609013}.Release|Any CPU.Build.0 = Release|Any CPU
		{E28F4025-9029-4183-9D17-BEC56CC66677}.Debug|Any CPU.ActiveCfg = Debug|Any CPU
		{E28F4025-9029-4183-9D17-BEC56CC66677}.Debug|Any CPU.Build.0 = Debug|Any CPU
		{E28F4025-9029-4183-9D17-BEC56CC66677}.Release|Any CPU.ActiveCfg = Release|Any CPU
		{E28F4025-9029-4183-9D17-BEC56CC66677}.Release|Any CPU.Build.0 = Release|Any CPU
		{674DEBD2-8DBA-49B6-9C92-AAA0F000DE48}.Debug|Any CPU.ActiveCfg = Debug|Any CPU
		{674DEBD2-8DBA-49B6-9C92-AAA0F000DE48}.Debug|Any CPU.Build.0 = Debug|Any CPU
		{674DEBD2-8DBA-49B6-9C92-AAA0F000DE48}.Release|Any CPU.ActiveCfg = Release|Any CPU
		{674DEBD2-8DBA-49B6-9C92-AAA0F000DE48}.Release|Any CPU.Build.0 = Release|Any CPU
		{1B1635CE-E767-463D-BC55-842ACA026B2A}.Debug|Any CPU.ActiveCfg = Debug|Any CPU
		{1B1635CE-E767-463D-BC55-842ACA026B2A}.Debug|Any CPU.Build.0 = Debug|Any CPU
		{1B1635CE-E767-463D-BC55-842ACA026B2A}.Release|Any CPU.ActiveCfg = Release|Any CPU
		{1B1635CE-E767-463D-BC55-842ACA026B2A}.Release|Any CPU.Build.0 = Release|Any CPU
		{F76402DF-F5FB-42F4-B855-68585BA6B353}.Debug|Any CPU.ActiveCfg = Debug|Any CPU
		{F76402DF-F5FB-42F4-B855-68585BA6B353}.Debug|Any CPU.Build.0 = Debug|Any CPU
		{F76402DF-F5FB-42F4-B855-68585BA6B353}.Release|Any CPU.ActiveCfg = Release|Any CPU
		{F76402DF-F5FB-42F4-B855-68585BA6B353}.Release|Any CPU.Build.0 = Release|Any CPU
	EndGlobalSection
EndGlobal
