
Microsoft Visual Studio Solution File, Format Version 12.00
# Visual Studio Version 16
VisualStudioVersion = 16.0.29318.209
MinimumVisualStudioVersion = 10.0.40219.1
Project("{FAE04EC0-301F-11D3-BF4B-00C04F79EFBC}") = "Day2", "Day2\Day2.csproj", "{FE7E454F-DA0D-4ACA-9123-B7BC23BB4156}"
EndProject
Global
	GlobalSection(SolutionConfigurationPlatforms) = preSolution
		Debug|Any CPU = Debug|Any CPU
		Release|Any CPU = Release|Any CPU
	EndGlobalSection
	GlobalSection(ProjectConfigurationPlatforms) = postSolution
		{FE7E454F-DA0D-4ACA-9123-B7BC23BB4156}.Debug|Any CPU.ActiveCfg = Debug|Any CPU
		{FE7E454F-DA0D-4ACA-9123-B7BC23BB4156}.Debug|Any CPU.Build.0 = Debug|Any CPU
		{FE7E454F-DA0D-4ACA-9123-B7BC23BB4156}.Release|Any CPU.ActiveCfg = Release|Any CPU
		{FE7E454F-DA0D-4ACA-9123-B7BC23BB4156}.Release|Any CPU.Build.0 = Release|Any CPU
	EndGlobalSection
	GlobalSection(SolutionProperties) = preSolution
		HideSolutionNode = FALSE
	EndGlobalSection
	GlobalSection(ExtensibilityGlobals) = postSolution
		SolutionGuid = {924AC071-6E99-4480-8CD8-87995AE74F3C}
	EndGlobalSection
EndGlobal
